Microsoft Visual Studio Solution File, Format Version 12.00
# Visual Studio Version 16
VisualStudioVersion = 16.0.28803.452
MinimumVisualStudioVersion = 10.0.40219.1
Project("{2150E333-8FDC-42A3-9474-1A3956D46DE8}") = "scr", "scr", "{E8DE6A81-3601-4229-B38D-EBAC19DCAE42}"
EndProject
Project("{2150E333-8FDC-42A3-9474-1A3956D46DE8}") = "Services", "Services", "{B3CA63C0-206A-415E-B798-E1365D69C56A}"
EndProject
Project("{2150E333-8FDC-42A3-9474-1A3956D46DE8}") = "BuildingBlocks", "BuildingBlocks", "{9F900A6B-207A-4D71-A2E5-F6C8B029065D}"
EndProject
Project("{2150E333-8FDC-42A3-9474-1A3956D46DE8}") = "HealthChecks", "HealthChecks", "{DD1AD004-8224-4FD4-98BB-598310550BE6}"
EndProject
Project("{9A19103F-16F7-4668-BE54-9A1E7A4F7556}") = "Swim", "Swim\Swim.csproj", "{A28B8C4B-C895-4A05-A559-750B40CB7A6C}"
EndProject
Project("{9A19103F-16F7-4668-BE54-9A1E7A4F7556}") = "MessagePool.API", "MessagePool.API\MessagePool.API.csproj", "{3C474112-E8CE-443A-AA69-7746BDF8A6A4}"
EndProject
Project("{9A19103F-16F7-4668-BE54-9A1E7A4F7556}") = "TGMGateway", "TGMGateway\TGMGateway.csproj", "{E3030BA4-986B-41D5-BB5E-28ABDD18ED90}"
EndProject
Project("{9A19103F-16F7-4668-BE54-9A1E7A4F7556}") = "Core.API", "Core.API\Core.API.csproj", "{8D7FCA1A-6ED0-4780-AF3B-3B655995D03A}"
EndProject
Project("{9A19103F-16F7-4668-BE54-9A1E7A4F7556}") = "OnionSigningPrototype", "OnionSigningPrototype\OnionSigningPrototype.csproj", "{CBB2A925-3C45-46A5-BD3B-1B1ECF9D494C}"
EndProject
Project("{9A19103F-16F7-4668-BE54-9A1E7A4F7556}") = "SwimProtocol", "SwimProtocol\SwimProtocol.csproj", "{A3FA3CDB-A7D1-44C4-B7E6-18AA00222556}"
EndProject
Project("{9A19103F-16F7-4668-BE54-9A1E7A4F7556}") = "SwimProtocol.Tests", "SwimProtocol.Tests\SwimProtocol.Tests.csproj", "{15B7D1E7-E521-473D-A7F5-FDA27A7C4640}"
EndProject
Project("{9A19103F-16F7-4668-BE54-9A1E7A4F7556}") = "Core.API.Consensus.Tests", "Core.API.Consensus.Tests\Core.API.Consensus.Tests.csproj", "{262C9661-0CFD-43E0-8265-4D3F688372E8}"
EndProject
Project("{9A19103F-16F7-4668-BE54-9A1E7A4F7556}") = "Membership.API", "Membership.API\Membership.API.csproj", "{62A82F94-4A0F-418F-90D2-230879FA21E2}"
EndProject
Project("{9A19103F-16F7-4668-BE54-9A1E7A4F7556}") = "Onion.API", "Onion.API\Onion.API.csproj", "{52941F84-90A9-4471-812C-79BAC2B2BA54}"
EndProject
Project("{9A19103F-16F7-4668-BE54-9A1E7A4F7556}") = "Coin.API", "Coin.API\Coin.API.csproj", "{6F3CCE67-963D-4DA9-844E-A94F19924DD7}"
EndProject
Project("{FAE04EC0-301F-11D3-BF4B-00C04F79EFBC}") = "Core.API.POS.Tests", "Core.API.POS.Tests\Core.API.POS.Tests.csproj", "{81C6476B-1CBB-4B0B-A44A-2E3E29B3FF12}"
EndProject
Global
	GlobalSection(SolutionConfigurationPlatforms) = preSolution
		Debug|Any CPU = Debug|Any CPU
		Debug|x64 = Debug|x64
		Release|Any CPU = Release|Any CPU
		Release|x64 = Release|x64
	EndGlobalSection
	GlobalSection(ProjectConfigurationPlatforms) = postSolution
		{A28B8C4B-C895-4A05-A559-750B40CB7A6C}.Debug|Any CPU.ActiveCfg = Debug|Any CPU
		{A28B8C4B-C895-4A05-A559-750B40CB7A6C}.Debug|Any CPU.Build.0 = Debug|Any CPU
		{A28B8C4B-C895-4A05-A559-750B40CB7A6C}.Debug|x64.ActiveCfg = Debug|x64
		{A28B8C4B-C895-4A05-A559-750B40CB7A6C}.Debug|x64.Build.0 = Debug|x64
		{A28B8C4B-C895-4A05-A559-750B40CB7A6C}.Release|Any CPU.ActiveCfg = Release|Any CPU
		{A28B8C4B-C895-4A05-A559-750B40CB7A6C}.Release|Any CPU.Build.0 = Release|Any CPU
		{A28B8C4B-C895-4A05-A559-750B40CB7A6C}.Release|x64.ActiveCfg = Release|x64
		{A28B8C4B-C895-4A05-A559-750B40CB7A6C}.Release|x64.Build.0 = Release|x64
		{3C474112-E8CE-443A-AA69-7746BDF8A6A4}.Debug|Any CPU.ActiveCfg = Debug|Any CPU
		{3C474112-E8CE-443A-AA69-7746BDF8A6A4}.Debug|Any CPU.Build.0 = Debug|Any CPU
		{3C474112-E8CE-443A-AA69-7746BDF8A6A4}.Debug|x64.ActiveCfg = Debug|x64
		{3C474112-E8CE-443A-AA69-7746BDF8A6A4}.Debug|x64.Build.0 = Debug|x64
		{3C474112-E8CE-443A-AA69-7746BDF8A6A4}.Release|Any CPU.ActiveCfg = Release|Any CPU
		{3C474112-E8CE-443A-AA69-7746BDF8A6A4}.Release|Any CPU.Build.0 = Release|Any CPU
		{3C474112-E8CE-443A-AA69-7746BDF8A6A4}.Release|x64.ActiveCfg = Release|x64
		{3C474112-E8CE-443A-AA69-7746BDF8A6A4}.Release|x64.Build.0 = Release|x64
		{E3030BA4-986B-41D5-BB5E-28ABDD18ED90}.Debug|Any CPU.ActiveCfg = Debug|Any CPU
		{E3030BA4-986B-41D5-BB5E-28ABDD18ED90}.Debug|Any CPU.Build.0 = Debug|Any CPU
		{E3030BA4-986B-41D5-BB5E-28ABDD18ED90}.Debug|x64.ActiveCfg = Debug|x64
		{E3030BA4-986B-41D5-BB5E-28ABDD18ED90}.Debug|x64.Build.0 = Debug|x64
		{E3030BA4-986B-41D5-BB5E-28ABDD18ED90}.Release|Any CPU.ActiveCfg = Release|Any CPU
		{E3030BA4-986B-41D5-BB5E-28ABDD18ED90}.Release|Any CPU.Build.0 = Release|Any CPU
		{E3030BA4-986B-41D5-BB5E-28ABDD18ED90}.Release|x64.ActiveCfg = Release|x64
		{E3030BA4-986B-41D5-BB5E-28ABDD18ED90}.Release|x64.Build.0 = Release|x64
		{8D7FCA1A-6ED0-4780-AF3B-3B655995D03A}.Debug|Any CPU.ActiveCfg = Debug|Any CPU
		{8D7FCA1A-6ED0-4780-AF3B-3B655995D03A}.Debug|Any CPU.Build.0 = Debug|Any CPU
		{8D7FCA1A-6ED0-4780-AF3B-3B655995D03A}.Debug|x64.ActiveCfg = Debug|x64
		{8D7FCA1A-6ED0-4780-AF3B-3B655995D03A}.Debug|x64.Build.0 = Debug|x64
		{8D7FCA1A-6ED0-4780-AF3B-3B655995D03A}.Release|Any CPU.ActiveCfg = Release|Any CPU
		{8D7FCA1A-6ED0-4780-AF3B-3B655995D03A}.Release|Any CPU.Build.0 = Release|Any CPU
		{8D7FCA1A-6ED0-4780-AF3B-3B655995D03A}.Release|x64.ActiveCfg = Release|x64
		{8D7FCA1A-6ED0-4780-AF3B-3B655995D03A}.Release|x64.Build.0 = Release|x64
		{CBB2A925-3C45-46A5-BD3B-1B1ECF9D494C}.Debug|Any CPU.ActiveCfg = Debug|Any CPU
		{CBB2A925-3C45-46A5-BD3B-1B1ECF9D494C}.Debug|Any CPU.Build.0 = Debug|Any CPU
		{CBB2A925-3C45-46A5-BD3B-1B1ECF9D494C}.Debug|x64.ActiveCfg = Debug|x64
		{CBB2A925-3C45-46A5-BD3B-1B1ECF9D494C}.Debug|x64.Build.0 = Debug|x64
		{CBB2A925-3C45-46A5-BD3B-1B1ECF9D494C}.Release|Any CPU.ActiveCfg = Release|Any CPU
		{CBB2A925-3C45-46A5-BD3B-1B1ECF9D494C}.Release|Any CPU.Build.0 = Release|Any CPU
		{CBB2A925-3C45-46A5-BD3B-1B1ECF9D494C}.Release|x64.ActiveCfg = Release|x64
		{CBB2A925-3C45-46A5-BD3B-1B1ECF9D494C}.Release|x64.Build.0 = Release|x64
		{A3FA3CDB-A7D1-44C4-B7E6-18AA00222556}.Debug|Any CPU.ActiveCfg = Debug|Any CPU
		{A3FA3CDB-A7D1-44C4-B7E6-18AA00222556}.Debug|Any CPU.Build.0 = Debug|Any CPU
		{A3FA3CDB-A7D1-44C4-B7E6-18AA00222556}.Debug|x64.ActiveCfg = Debug|x64
		{A3FA3CDB-A7D1-44C4-B7E6-18AA00222556}.Debug|x64.Build.0 = Debug|x64
		{A3FA3CDB-A7D1-44C4-B7E6-18AA00222556}.Release|Any CPU.ActiveCfg = Release|Any CPU
		{A3FA3CDB-A7D1-44C4-B7E6-18AA00222556}.Release|Any CPU.Build.0 = Release|Any CPU
		{A3FA3CDB-A7D1-44C4-B7E6-18AA00222556}.Release|x64.ActiveCfg = Release|Any CPU
		{A3FA3CDB-A7D1-44C4-B7E6-18AA00222556}.Release|x64.Build.0 = Release|Any CPU
		{15B7D1E7-E521-473D-A7F5-FDA27A7C4640}.Debug|Any CPU.ActiveCfg = Debug|Any CPU
		{15B7D1E7-E521-473D-A7F5-FDA27A7C4640}.Debug|Any CPU.Build.0 = Debug|Any CPU
		{15B7D1E7-E521-473D-A7F5-FDA27A7C4640}.Debug|x64.ActiveCfg = Debug|Any CPU
		{15B7D1E7-E521-473D-A7F5-FDA27A7C4640}.Debug|x64.Build.0 = Debug|Any CPU
		{15B7D1E7-E521-473D-A7F5-FDA27A7C4640}.Release|Any CPU.ActiveCfg = Release|Any CPU
		{15B7D1E7-E521-473D-A7F5-FDA27A7C4640}.Release|Any CPU.Build.0 = Release|Any CPU
		{15B7D1E7-E521-473D-A7F5-FDA27A7C4640}.Release|x64.ActiveCfg = Release|Any CPU
		{15B7D1E7-E521-473D-A7F5-FDA27A7C4640}.Release|x64.Build.0 = Release|Any CPU
		{262C9661-0CFD-43E0-8265-4D3F688372E8}.Debug|Any CPU.ActiveCfg = Debug|Any CPU
		{262C9661-0CFD-43E0-8265-4D3F688372E8}.Debug|Any CPU.Build.0 = Debug|Any CPU
		{262C9661-0CFD-43E0-8265-4D3F688372E8}.Debug|x64.ActiveCfg = Debug|Any CPU
		{262C9661-0CFD-43E0-8265-4D3F688372E8}.Debug|x64.Build.0 = Debug|Any CPU
		{262C9661-0CFD-43E0-8265-4D3F688372E8}.Release|Any CPU.ActiveCfg = Release|Any CPU
		{262C9661-0CFD-43E0-8265-4D3F688372E8}.Release|Any CPU.Build.0 = Release|Any CPU
		{262C9661-0CFD-43E0-8265-4D3F688372E8}.Release|x64.ActiveCfg = Release|Any CPU
		{262C9661-0CFD-43E0-8265-4D3F688372E8}.Release|x64.Build.0 = Release|Any CPU
		{62A82F94-4A0F-418F-90D2-230879FA21E2}.Debug|Any CPU.ActiveCfg = Debug|Any CPU
		{62A82F94-4A0F-418F-90D2-230879FA21E2}.Debug|Any CPU.Build.0 = Debug|Any CPU
		{62A82F94-4A0F-418F-90D2-230879FA21E2}.Debug|x64.ActiveCfg = Debug|x64
		{62A82F94-4A0F-418F-90D2-230879FA21E2}.Debug|x64.Build.0 = Debug|x64
		{62A82F94-4A0F-418F-90D2-230879FA21E2}.Release|Any CPU.ActiveCfg = Release|Any CPU
		{62A82F94-4A0F-418F-90D2-230879FA21E2}.Release|Any CPU.Build.0 = Release|Any CPU
		{62A82F94-4A0F-418F-90D2-230879FA21E2}.Release|x64.ActiveCfg = Release|Any CPU
		{62A82F94-4A0F-418F-90D2-230879FA21E2}.Release|x64.Build.0 = Release|Any CPU
		{52941F84-90A9-4471-812C-79BAC2B2BA54}.Debug|Any CPU.ActiveCfg = Debug|Any CPU
		{52941F84-90A9-4471-812C-79BAC2B2BA54}.Debug|Any CPU.Build.0 = Debug|Any CPU
		{52941F84-90A9-4471-812C-79BAC2B2BA54}.Debug|x64.ActiveCfg = Debug|x64
		{52941F84-90A9-4471-812C-79BAC2B2BA54}.Debug|x64.Build.0 = Debug|x64
		{52941F84-90A9-4471-812C-79BAC2B2BA54}.Release|Any CPU.ActiveCfg = Release|Any CPU
		{52941F84-90A9-4471-812C-79BAC2B2BA54}.Release|Any CPU.Build.0 = Release|Any CPU
		{52941F84-90A9-4471-812C-79BAC2B2BA54}.Release|x64.ActiveCfg = Release|Any CPU
		{52941F84-90A9-4471-812C-79BAC2B2BA54}.Release|x64.Build.0 = Release|Any CPU
		{6F3CCE67-963D-4DA9-844E-A94F19924DD7}.Debug|Any CPU.ActiveCfg = Debug|Any CPU
		{6F3CCE67-963D-4DA9-844E-A94F19924DD7}.Debug|Any CPU.Build.0 = Debug|Any CPU
		{6F3CCE67-963D-4DA9-844E-A94F19924DD7}.Debug|x64.ActiveCfg = Debug|x64
		{6F3CCE67-963D-4DA9-844E-A94F19924DD7}.Debug|x64.Build.0 = Debug|x64
		{6F3CCE67-963D-4DA9-844E-A94F19924DD7}.Release|Any CPU.ActiveCfg = Release|Any CPU
		{6F3CCE67-963D-4DA9-844E-A94F19924DD7}.Release|Any CPU.Build.0 = Release|Any CPU
		{6F3CCE67-963D-4DA9-844E-A94F19924DD7}.Release|x64.ActiveCfg = Release|x64
		{6F3CCE67-963D-4DA9-844E-A94F19924DD7}.Release|x64.Build.0 = Release|x64
		{81C6476B-1CBB-4B0B-A44A-2E3E29B3FF12}.Debug|Any CPU.ActiveCfg = Debug|Any CPU
		{81C6476B-1CBB-4B0B-A44A-2E3E29B3FF12}.Debug|Any CPU.Build.0 = Debug|Any CPU
		{81C6476B-1CBB-4B0B-A44A-2E3E29B3FF12}.Debug|x64.ActiveCfg = Debug|Any CPU
		{81C6476B-1CBB-4B0B-A44A-2E3E29B3FF12}.Debug|x64.Build.0 = Debug|Any CPU
		{81C6476B-1CBB-4B0B-A44A-2E3E29B3FF12}.Release|Any CPU.ActiveCfg = Release|Any CPU
		{81C6476B-1CBB-4B0B-A44A-2E3E29B3FF12}.Release|Any CPU.Build.0 = Release|Any CPU
		{81C6476B-1CBB-4B0B-A44A-2E3E29B3FF12}.Release|x64.ActiveCfg = Release|Any CPU
		{81C6476B-1CBB-4B0B-A44A-2E3E29B3FF12}.Release|x64.Build.0 = Release|Any CPU
	EndGlobalSection
	GlobalSection(SolutionProperties) = preSolution
		HideSolutionNode = FALSE
	EndGlobalSection
	GlobalSection(NestedProjects) = preSolution
		{B3CA63C0-206A-415E-B798-E1365D69C56A} = {E8DE6A81-3601-4229-B38D-EBAC19DCAE42}
		{9F900A6B-207A-4D71-A2E5-F6C8B029065D} = {E8DE6A81-3601-4229-B38D-EBAC19DCAE42}
		{DD1AD004-8224-4FD4-98BB-598310550BE6} = {9F900A6B-207A-4D71-A2E5-F6C8B029065D}
		{3C474112-E8CE-443A-AA69-7746BDF8A6A4} = {B3CA63C0-206A-415E-B798-E1365D69C56A}
		{E3030BA4-986B-41D5-BB5E-28ABDD18ED90} = {E8DE6A81-3601-4229-B38D-EBAC19DCAE42}
		{8D7FCA1A-6ED0-4780-AF3B-3B655995D03A} = {9F900A6B-207A-4D71-A2E5-F6C8B029065D}
		{A3FA3CDB-A7D1-44C4-B7E6-18AA00222556} = {E8DE6A81-3601-4229-B38D-EBAC19DCAE42}
		{15B7D1E7-E521-473D-A7F5-FDA27A7C4640} = {E8DE6A81-3601-4229-B38D-EBAC19DCAE42}
		{262C9661-0CFD-43E0-8265-4D3F688372E8} = {9F900A6B-207A-4D71-A2E5-F6C8B029065D}
		{62A82F94-4A0F-418F-90D2-230879FA21E2} = {B3CA63C0-206A-415E-B798-E1365D69C56A}
		{52941F84-90A9-4471-812C-79BAC2B2BA54} = {B3CA63C0-206A-415E-B798-E1365D69C56A}
		{6F3CCE67-963D-4DA9-844E-A94F19924DD7} = {B3CA63C0-206A-415E-B798-E1365D69C56A}
		{81C6476B-1CBB-4B0B-A44A-2E3E29B3FF12} = {9F900A6B-207A-4D71-A2E5-F6C8B029065D}
	EndGlobalSection
	GlobalSection(ExtensibilityGlobals) = postSolution
		SolutionGuid = {89F13E13-009F-4FE0-A95A-47F2E1258CC7}
	EndGlobalSection
	GlobalSection(MonoDevelopProperties) = preSolution
		Policies = $0
		$0.DotNetNamingPolicy = $1
		$1.DirectoryNamespaceAssociation = PrefixedHierarchical
		$0.TextStylePolicy = $2
		$2.inheritsSet = null
		$2.scope = text/x-csharp
		$0.CSharpFormattingPolicy = $3
		$3.scope = text/x-csharp
		$0.StandardHeader = $4
		$0.VersionControlPolicy = $5
	EndGlobalSection
EndGlobal
